{
  "version": 4,
  "terraform_version": "1.15.5",
  "serial": 5,
  "lineage": "5c3d49b2-604d-52ac-fa2b-b11976a97bc4",
  "outputs": {},
  "resources": [
    {
      "mode": "managed",
      "type": "aws_ecs_cluster",
      "name": "main",
      "provider": "provider[\"registry.terraform.io/hashicorp/aws\"]",
      "instances": [
        {
          "schema_version": 0,
          "attributes": {
            "arn": "arn:aws:ecs:us-east-1:416170614208:cluster/multi-env-prod",
            "configuration": [],
            "id": "arn:aws:ecs:us-east-1:416170614208:cluster/multi-env-prod",
            "name": "multi-env-prod",
            "service_connect_defaults": [],
            "setting": [
              {
                "name": "containerInsights",
                "value": "disabled"
              }
            ],
            "tags": null,
            "tags_all": {}
          },
          "sensitive_attributes": [],
          "identity_schema_version": 0,
          "private": "bnVsbA=="
        }
      ]
    }
  ],
  "check_results": null
}
